{
  "name": ".opencode",
  "lockfileVersion": 3,
  "requires": true,
  "packages": {
    "": {
      "dependencies": {
        "@opencode-ai/plugin": "1.1.35",
        "ralph-loop": "file:../opencode/plugin/ralph-loop/ralph-loop-1.0.0.tgz"
      }
    },
    "node_modules/@opencode-ai/plugin": {
      "version": "1.1.35",
      "license": "MIT",
      "dependencies": {
        "@opencode-ai/sdk": "1.1.35",
        "zod": "4.1.8"
      }
    },
    "node_modules/@opencode-ai/sdk": {
      "version": "1.1.35",
      "license": "MIT"
    },
    "node_modules/ralph-loop": {
      "version": "1.0.0",
      "resolved": "file:../opencode/plugin/ralph-loop/ralph-loop-1.0.0.tgz",
      "integrity": "sha512-NMLoyS8crgP/eo0gNYrMFcGdk1Eli6tPowXDXLNIUeK2u0umX4Zqb361rDwA5Y87G9VHpnDqMK+l8ipx7Di7MA==",
      "license": "ISC",
      "dependencies": {
        "@opencode-ai/plugin": "^1.1.35",
        "@opencode-ai/sdk": "^1.1.35",
        "zod": "^4.3.6"
      }
    },
    "node_modules/ralph-loop/node_modules/zod": {
      "version": "4.3.6",
      "resolved": "https://registry.npmjs.org/zod/-/zod-4.3.6.tgz",
      "integrity": "sha512-rftlrkhHZOcjDwkGlnUtZZkvaPHCsDATp4pGpuOOMDaTdDDXF91wuVDJoWoPsKX/3YPQ5fHuF3STjcYyKr+Qhg==",
      "license": "MIT",
      "funding": {
        "url": "https://github.com/sponsors/colinhacks"
      }
    },
    "node_modules/zod": {
      "version": "4.1.8",
      "license": "MIT",
      "funding": {
        "url": "https://github.com/sponsors/colinhacks"
      }
    }
  }
}
